dependencies:
- name: config
  repository: file://../config
  version: 0.1.0
- name: registry
  repository: file://../registry
  version: 0.1.0
- name: oauth
  repository: file://../oauth
  version: 0.1.0
- name: cards-consultation
  repository: file://../cards-consultation
  version: 0.1.0
- name: cards-publication
  repository: file://../cards-publication
  version: 0.1.0
- name: thirds
  repository: file://../thirds
  version: 0.1.0
- name: time
  repository: file://../time
  version: 0.1.0
- name: users
  repository: file://../users
  version: 0.1.0
- name: web-ui
  repository: file://../web-ui
  version: 0.1.0
- name: client-gateway
  repository: file://../client-gateway
  version: 0.1.0
digest: sha256:5fbae11110009f19f75383ca52124a38a742353184e03680185687ecceb74ec3
generated: "2019-09-27T15:21:03.8016116+02:00"
